// !$*UTF8*$!
{
	archiveVersion = 1;
	classes = {
	};
	objectVersion = 46;
	objects = {

/* Begin PBXBuildFile section */
		960DEAFB1E021584001951C9 /* MJRefreshAutoFooter.m in Sources */ = {isa = PBXBuildFile; fileRef = 960DEACF1E021584001951C9 /* MJRefreshAutoFooter.m */; };
		960DEAFC1E021584001951C9 /* MJRefreshBackFooter.m in Sources */ = {isa = PBXBuildFile; fileRef = 960DEAD11E021584001951C9 /* MJRefreshBackFooter.m */; };
		960DEAFD1E021584001951C9 /* MJRefreshComponent.m in Sources */ = {isa = PBXBuildFile; fileRef = 960DEAD31E021584001951C9 /* MJRefreshComponent.m */; };
		960DEAFE1E021584001951C9 /* MJRefreshFooter.m in Sources */ = {isa = PBXBuildFile; fileRef = 960DEAD51E021584001951C9 /* MJRefreshFooter.m */; };
		960DEAFF1E021584001951C9 /* MJRefreshHeader.m in Sources */ = {isa = PBXBuildFile; fileRef = 960DEAD71E021584001951C9 /* MJRefreshHeader.m */; };
		960DEB001E021584001951C9 /* MJRefreshAutoGifFooter.m in Sources */ = {isa = PBXBuildFile; fileRef = 960DEADC1E021584001951C9 /* MJRefreshAutoGifFooter.m */; };
		960DEB011E021584001951C9 /* MJRefreshAutoNormalFooter.m in Sources */ = {isa = PBXBuildFile; fileRef = 960DEADE1E021584001951C9 /* MJRefreshAutoNormalFooter.m */; };
		960DEB021E021584001951C9 /* MJRefreshAutoStateFooter.m in Sources */ = {isa = PBXBuildFile; fileRef = 960DEAE01E021584001951C9 /* MJRefreshAutoStateFooter.m */; };
		960DEB031E021584001951C9 /* MJRefreshBackGifFooter.m in Sources */ = {isa = PBXBuildFile; fileRef = 960DEAE31E021584001951C9 /* MJRefreshBackGifFooter.m */; };
		960DEB041E021584001951C9 /* MJRefreshBackNormalFooter.m in Sources */ = {isa = PBXBuildFile; fileRef = 960DEAE51E021584001951C9 /* MJRefreshBackNormalFooter.m */; };
		960DEB051E021584001951C9 /* MJRefreshBackStateFooter.m in Sources */ = {isa = PBXBuildFile; fileRef = 960DEAE71E021584001951C9 /* MJRefreshBackStateFooter.m */; };
		960DEB061E021584001951C9 /* MJRefreshGifHeader.m in Sources */ = {isa = PBXBuildFile; fileRef = 960DEAEA1E021584001951C9 /* MJRefreshGifHeader.m */; };
		960DEB071E021584001951C9 /* MJRefreshNormalHeader.m in Sources */ = {isa = PBXBuildFile; fileRef = 960DEAEC1E021584001951C9 /* MJRefreshNormalHeader.m */; };
		960DEB081E021584001951C9 /* MJRefreshStateHeader.m in Sources */ = {isa = PBXBuildFile; fileRef = 960DEAEE1E021584001951C9 /* MJRefreshStateHeader.m */; };
		960DEB091E021585001951C9 /* MJRefresh.bundle in Resources */ = {isa = PBXBuildFile; fileRef = 960DEAEF1E021584001951C9 /* MJRefresh.bundle */; };
		960DEB0A1E021585001951C9 /* MJRefreshConst.m in Sources */ = {isa = PBXBuildFile; fileRef = 960DEAF21E021584001951C9 /* MJRefreshConst.m */; };
		960DEB0B1E021585001951C9 /* NSBundle+MJRefresh.m in Sources */ = {isa = PBXBuildFile; fileRef = 960DEAF41E021584001951C9 /* NSBundle+MJRefresh.m */; };
		960DEB0C1E021585001951C9 /* UIScrollView+MJExtension.m in Sources */ = {isa = PBXBuildFile; fileRef = 960DEAF61E021584001951C9 /* UIScrollView+MJExtension.m */; };
		960DEB0D1E021585001951C9 /* UIScrollView+MJRefresh.m in Sources */ = {isa = PBXBuildFile; fileRef = 960DEAF81E021584001951C9 /* UIScrollView+MJRefresh.m */; };
		960DEB0E1E021585001951C9 /* UIView+MJExtension.m in Sources */ = {isa = PBXBuildFile; fileRef = 960DEAFA1E021584001951C9 /* UIView+MJExtension.m */; };
		960DEB101E0246CD001951C9 /* Toast.swift in Sources */ = {isa = PBXBuildFile; fileRef = 960DEB0F1E0246CD001951C9 /* Toast.swift */; };
		962771371E025BC50043F894 /* WebDetailController.swift in Sources */ = {isa = PBXBuildFile; fileRef = 962771361E025BC50043F894 /* WebDetailController.swift */; };
		9666F0CA1DFF22F00043465D /* CoreDataStack.swift in Sources */ = {isa = PBXBuildFile; fileRef = 9666F0C81DFF22F00043465D /* CoreDataStack.swift */; };
		967F978F1E011E490048D63B /* cnBeta-Reader.xcdatamodeld in Sources */ = {isa = PBXBuildFile; fileRef = 967F978D1E011E490048D63B /* cnBeta-Reader.xcdatamodeld */; };
		967F97931E0120570048D63B /* SavedTableView.swift in Sources */ = {isa = PBXBuildFile; fileRef = 967F97921E0120570048D63B /* SavedTableView.swift */; };
		96C5C8911DFCDE2E00A61681 /* AppDelegate.swift in Sources */ = {isa = PBXBuildFile; fileRef = 96C5C8901DFCDE2E00A61681 /* AppDelegate.swift */; };
		96C5C8931DFCDE2E00A61681 /* HomeController.swift in Sources */ = {isa = PBXBuildFile; fileRef = 96C5C8921DFCDE2E00A61681 /* HomeController.swift */; };
		96C5C8981DFCDE2E00A61681 /* Assets.xcassets in Resources */ = {isa = PBXBuildFile; fileRef = 96C5C8971DFCDE2E00A61681 /* Assets.xcassets */; };
		96C5C89B1DFCDE2E00A61681 /* LaunchScreen.storyboard in Resources */ = {isa = PBXBuildFile; fileRef = 96C5C8991DFCDE2E00A61681 /* LaunchScreen.storyboard */; };
		96C5C8A61DFCE84F00A61681 /* BaseCell.swift in Sources */ = {isa = PBXBuildFile; fileRef = 96C5C8A51DFCE84F00A61681 /* BaseCell.swift */; };
		96C5C8A81DFCE88500A61681 /* Extensions.swift in Sources */ = {isa = PBXBuildFile; fileRef = 96C5C8A71DFCE88500A61681 /* Extensions.swift */; };
		96C5C8AC1DFCE94200A61681 /* MenuBar.swift in Sources */ = {isa = PBXBuildFile; fileRef = 96C5C8AB1DFCE94200A61681 /* MenuBar.swift */; };
		96C5C8AF1DFD151B00A61681 /* ApiService.swift in Sources */ = {isa = PBXBuildFile; fileRef = 96C5C8AE1DFD151B00A61681 /* ApiService.swift */; };
		96C5C8B11DFE1D6C00A61681 /* MenuCell.swift in Sources */ = {isa = PBXBuildFile; fileRef = 96C5C8B01DFE1D6C00A61681 /* MenuCell.swift */; };
		96C5C8B31DFE1DA600A61681 /* FeedCell.swift in Sources */ = {isa = PBXBuildFile; fileRef = 96C5C8B21DFE1DA600A61681 /* FeedCell.swift */; };
		96C5C8D21DFE761400A61681 /* FeedCollectionView.swift in Sources */ = {isa = PBXBuildFile; fileRef = 96C5C8D11DFE761400A61681 /* FeedCollectionView.swift */; };
/* End PBXBuildFile section */

/* Begin PBXFileReference section */
		960DEACE1E021584001951C9 /* MJRefreshAutoFooter.h */ = {isa = PBXFileReference; fileEncoding = 4; lastKnownFileType = sourcecode.c.h; path = MJRefreshAutoFooter.h; sourceTree = "<group>"; };
		960DEACF1E021584001951C9 /* MJRefreshAutoFooter.m */ = {isa = PBXFileReference; fileEncoding = 4; lastKnownFileType = sourcecode.c.objc; path = MJRefreshAutoFooter.m; sourceTree = "<group>"; };
		960DEAD01E021584001951C9 /* MJRefreshBackFooter.h */ = {isa = PBXFileReference; fileEncoding = 4; lastKnownFileType = sourcecode.c.h; path = MJRefreshBackFooter.h; sourceTree = "<group>"; };
		960DEAD11E021584001951C9 /* MJRefreshBackFooter.m */ = {isa = PBXFileReference; fileEncoding = 4; lastKnownFileType = sourcecode.c.objc; path = MJRefreshBackFooter.m; sourceTree = "<group>"; };
		960DEAD21E021584001951C9 /* MJRefreshComponent.h */ = {isa = PBXFileReference; fileEncoding = 4; lastKnownFileType = sourcecode.c.h; path = MJRefreshComponent.h; sourceTree = "<group>"; };
		960DEAD31E021584001951C9 /* MJRefreshComponent.m */ = {isa = PBXFileReference; fileEncoding = 4; lastKnownFileType = sourcecode.c.objc; path = MJRefreshComponent.m; sourceTree = "<group>"; };
		960DEAD41E021584001951C9 /* MJRefreshFooter.h */ = {isa = PBXFileReference; fileEncoding = 4; lastKnownFileType = sourcecode.c.h; path = MJRefreshFooter.h; sourceTree = "<group>"; };
		960DEAD51E021584001951C9 /* MJRefreshFooter.m */ = {isa = PBXFileReference; fileEncoding = 4; lastKnownFileType = sourcecode.c.objc; path = MJRefreshFooter.m; sourceTree = "<group>"; };
		960DEAD61E021584001951C9 /* MJRefreshHeader.h */ = {isa = PBXFileReference; fileEncoding = 4; lastKnownFileType = sourcecode.c.h; path = MJRefreshHeader.h; sourceTree = "<group>"; };
		960DEAD71E021584001951C9 /* MJRefreshHeader.m */ = {isa = PBXFileReference; fileEncoding = 4; lastKnownFileType = sourcecode.c.objc; path = MJRefreshHeader.m; sourceTree = "<group>"; };
		960DEADB1E021584001951C9 /* MJRefreshAutoGifFooter.h */ = {isa = PBXFileReference; fileEncoding = 4; lastKnownFileType = sourcecode.c.h; path = MJRefreshAutoGifFooter.h; sourceTree = "<group>"; };
		960DEADC1E021584001951C9 /* MJRefreshAutoGifFooter.m */ = {isa = PBXFileReference; fileEncoding = 4; lastKnownFileType = sourcecode.c.objc; path = MJRefreshAutoGifFooter.m; sourceTree = "<group>"; };
		960DEADD1E021584001951C9 /* MJRefreshAutoNormalFooter.h */ = {isa = PBXFileReference; fileEncoding = 4; lastKnownFileType = sourcecode.c.h; path = MJRefreshAutoNormalFooter.h; sourceTree = "<group>"; };
		960DEADE1E021584001951C9 /* MJRefreshAutoNormalFooter.m */ = {isa = PBXFileReference; fileEncoding = 4; lastKnownFileType = sourcecode.c.objc; path = MJRefreshAutoNormalFooter.m; sourceTree = "<group>"; };
		960DEADF1E021584001951C9 /* MJRefreshAutoStateFooter.h */ = {isa = PBXFileReference; fileEncoding = 4; lastKnownFileType = sourcecode.c.h; path = MJRefreshAutoStateFooter.h; sourceTree = "<group>"; };
		960DEAE01E021584001951C9 /* MJRefreshAutoStateFooter.m */ = {isa = PBXFileReference; fileEncoding = 4; lastKnownFileType = sourcecode.c.objc; path = MJRefreshAutoStateFooter.m; sourceTree = "<group>"; };
		960DEAE21E021584001951C9 /* MJRefreshBackGifFooter.h */ = {isa = PBXFileReference; fileEncoding = 4; lastKnownFileType = sourcecode.c.h; path = MJRefreshBackGifFooter.h; sourceTree = "<group>"; };
		960DEAE31E021584001951C9 /* MJRefreshBackGifFooter.m */ = {isa = PBXFileReference; fileEncoding = 4; lastKnownFileType = sourcecode.c.objc; path = MJRefreshBackGifFooter.m; sourceTree = "<group>"; };
		960DEAE41E021584001951C9 /* MJRefreshBackNormalFooter.h */ = {isa = PBXFileReference; fileEncoding = 4; lastKnownFileType = sourcecode.c.h; path = MJRefreshBackNormalFooter.h; sourceTree = "<group>"; };
		960DEAE51E021584001951C9 /* MJRefreshBackNormalFooter.m */ = {isa = PBXFileReference; fileEncoding = 4; lastKnownFileType = sourcecode.c.objc; path = MJRefreshBackNormalFooter.m; sourceTree = "<group>"; };
		960DEAE61E021584001951C9 /* MJRefreshBackStateFooter.h */ = {isa = PBXFileReference; fileEncoding = 4; lastKnownFileType = sourcecode.c.h; path = MJRefreshBackStateFooter.h; sourceTree = "<group>"; };
		960DEAE71E021584001951C9 /* MJRefreshBackStateFooter.m */ = {isa = PBXFileReference; fileEncoding = 4; lastKnownFileType = sourcecode.c.objc; path = MJRefreshBackStateFooter.m; sourceTree = "<group>"; };
		960DEAE91E021584001951C9 /* MJRefreshGifHeader.h */ = {isa = PBXFileReference; fileEncoding = 4; lastKnownFileType = sourcecode.c.h; path = MJRefreshGifHeader.h; sourceTree = "<group>"; };
		960DEAEA1E021584001951C9 /* MJRefreshGifHeader.m */ = {isa = PBXFileReference; fileEncoding = 4; lastKnownFileType = sourcecode.c.objc; path = MJRefreshGifHeader.m; sourceTree = "<group>"; };
		960DEAEB1E021584001951C9 /* MJRefreshNormalHeader.h */ = {isa = PBXFileReference; fileEncoding = 4; lastKnownFileType = sourcecode.c.h; path = MJRefreshNormalHeader.h; sourceTree = "<group>"; };
		960DEAEC1E021584001951C9 /* MJRefreshNormalHeader.m */ = {isa = PBXFileReference; fileEncoding = 4; lastKnownFileType = sourcecode.c.objc; path = MJRefreshNormalHeader.m; sourceTree = "<group>"; };
		960DEAED1E021584001951C9 /* MJRefreshStateHeader.h */ = {isa = PBXFileReference; fileEncoding = 4; lastKnownFileType = sourcecode.c.h; path = MJRefreshStateHeader.h; sourceTree = "<group>"; };
		960DEAEE1E021584001951C9 /* MJRefreshStateHeader.m */ = {isa = PBXFileReference; fileEncoding = 4; lastKnownFileType = sourcecode.c.objc; path = MJRefreshStateHeader.m; sourceTree = "<group>"; };
		960DEAEF1E021584001951C9 /* MJRefresh.bundle */ = {isa = PBXFileReference; lastKnownFileType = "wrapper.plug-in"; path = MJRefresh.bundle; sourceTree = "<group>"; };
		960DEAF01E021584001951C9 /* MJRefresh.h */ = {isa = PBXFileReference; fileEncoding = 4; lastKnownFileType = sourcecode.c.h; path = MJRefresh.h; sourceTree = "<group>"; };
		960DEAF11E021584001951C9 /* MJRefreshConst.h */ = {isa = PBXFileReference; fileEncoding = 4; lastKnownFileType = sourcecode.c.h; path = MJRefreshConst.h; sourceTree = "<group>"; };
		960DEAF21E021584001951C9 /* MJRefreshConst.m */ = {isa = PBXFileReference; fileEncoding = 4; lastKnownFileType = sourcecode.c.objc; path = MJRefreshConst.m; sourceTree = "<group>"; };
		960DEAF31E021584001951C9 /* NSBundle+MJRefresh.h */ = {isa = PBXFileReference; fileEncoding = 4; lastKnownFileType = sourcecode.c.h; path = "NSBundle+MJRefresh.h"; sourceTree = "<group>"; };
		960DEAF41E021584001951C9 /* NSBundle+MJRefresh.m */ = {isa = PBXFileReference; fileEncoding = 4; lastKnownFileType = sourcecode.c.objc; path = "NSBundle+MJRefresh.m"; sourceTree = "<group>"; };
		960DEAF51E021584001951C9 /* UIScrollView+MJExtension.h */ = {isa = PBXFileReference; fileEncoding = 4; lastKnownFileType = sourcecode.c.h; path = "UIScrollView+MJExtension.h"; sourceTree = "<group>"; };
		960DEAF61E021584001951C9 /* UIScrollView+MJExtension.m */ = {isa = PBXFileReference; fileEncoding = 4; lastKnownFileType = sourcecode.c.objc; path = "UIScrollView+MJExtension.m"; sourceTree = "<group>"; };
		960DEAF71E021584001951C9 /* UIScrollView+MJRefresh.h */ = {isa = PBXFileReference; fileEncoding = 4; lastKnownFileType = sourcecode.c.h; path = "UIScrollView+MJRefresh.h"; sourceTree = "<group>"; };
		960DEAF81E021584001951C9 /* UIScrollView+MJRefresh.m */ = {isa = PBXFileReference; fileEncoding = 4; lastKnownFileType = sourcecode.c.objc; path = "UIScrollView+MJRefresh.m"; sourceTree = "<group>"; };
		960DEAF91E021584001951C9 /* UIView+MJExtension.h */ = {isa = PBXFileReference; fileEncoding = 4; lastKnownFileType = sourcecode.c.h; path = "UIView+MJExtension.h"; sourceTree = "<group>"; };
		960DEAFA1E021584001951C9 /* UIView+MJExtension.m */ = {isa = PBXFileReference; fileEncoding = 4; lastKnownFileType = sourcecode.c.objc; path = "UIView+MJExtension.m"; sourceTree = "<group>"; };
		960DEB0F1E0246CD001951C9 /* Toast.swift */ = {isa = PBXFileReference; fileEncoding = 4; lastKnownFileType = sourcecode.swift; name = Toast.swift; path = ../Toast.swift; sourceTree = "<group>"; };
		962771361E025BC50043F894 /* WebDetailController.swift */ = {isa = PBXFileReference; fileEncoding = 4; lastKnownFileType = sourcecode.swift; path = WebDetailController.swift; sourceTree = "<group>"; };
		9666F0C81DFF22F00043465D /* CoreDataStack.swift */ = {isa = PBXFileReference; fileEncoding = 4; lastKnownFileType = sourcecode.swift; name = CoreDataStack.swift; path = "cnBeta Reader/CoreDataStack.swift"; sourceTree = "<group>"; };
		967F978E1E011E490048D63B /* cnBeta-Reader.xcdatamodel */ = {isa = PBXFileReference; lastKnownFileType = wrapper.xcdatamodel; path = "cnBeta-Reader.xcdatamodel"; sourceTree = "<group>"; };
		967F97921E0120570048D63B /* SavedTableView.swift */ = {isa = PBXFileReference; fileEncoding = 4; lastKnownFileType = sourcecode.swift; path = SavedTableView.swift; sourceTree = "<group>"; };
		96B007B91E01DFD70098BD71 /* Bridging-Header.h */ = {isa = PBXFileReference; lastKnownFileType = sourcecode.c.h; path = "Bridging-Header.h"; sourceTree = "<group>"; };
		96C5C88D1DFCDE2E00A61681 /* cnBeta Reader.app */ = {isa = PBXFileReference; explicitFileType = wrapper.application; includeInIndex = 0; path = "cnBeta Reader.app"; sourceTree = BUILT_PRODUCTS_DIR; };
		96C5C8901DFCDE2E00A61681 /* AppDelegate.swift */ = {isa = PBXFileReference; lastKnownFileType = sourcecode.swift; path = AppDelegate.swift; sourceTree = "<group>"; };
		96C5C8921DFCDE2E00A61681 /* HomeController.swift */ = {isa = PBXFileReference; lastKnownFileType = sourcecode.swift; path = HomeController.swift; sourceTree = "<group>"; };
		96C5C8971DFCDE2E00A61681 /* Assets.xcassets */ = {isa = PBXFileReference; lastKnownFileType = folder.assetcatalog; path = Assets.xcassets; sourceTree = "<group>"; };
		96C5C89A1DFCDE2E00A61681 /* Base */ = {isa = PBXFileReference; lastKnownFileType = file.storyboard; name = Base; path = Base.lproj/LaunchScreen.storyboard; sourceTree = "<group>"; };
		96C5C89C1DFCDE2E00A61681 /* Info.plist */ = {isa = PBXFileReference; lastKnownFileType = text.plist.xml; path = Info.plist; sourceTree = "<group>"; };
		96C5C8A51DFCE84F00A61681 /* BaseCell.swift */ = {isa = PBXFileReference; fileEncoding = 4; lastKnownFileType = sourcecode.swift; path = BaseCell.swift; sourceTree = "<group>"; };
		96C5C8A71DFCE88500A61681 /* Extensions.swift */ = {isa = PBXFileReference; fileEncoding = 4; lastKnownFileType = sourcecode.swift; path = Extensions.swift; sourceTree = "<group>"; };
		96C5C8AB1DFCE94200A61681 /* MenuBar.swift */ = {isa = PBXFileReference; fileEncoding = 4; lastKnownFileType = sourcecode.swift; path = MenuBar.swift; sourceTree = "<group>"; };
		96C5C8AE1DFD151B00A61681 /* ApiService.swift */ = {isa = PBXFileReference; fileEncoding = 4; lastKnownFileType = sourcecode.swift; path = ApiService.swift; sourceTree = "<group>"; };
		96C5C8B01DFE1D6C00A61681 /* MenuCell.swift */ = {isa = PBXFileReference; fileEncoding = 4; lastKnownFileType = sourcecode.swift; path = MenuCell.swift; sourceTree = "<group>"; };
		96C5C8B21DFE1DA600A61681 /* FeedCell.swift */ = {isa = PBXFileReference; fileEncoding = 4; lastKnownFileType = sourcecode.swift; path = FeedCell.swift; sourceTree = "<group>"; };
		96C5C8D11DFE761400A61681 /* FeedCollectionView.swift */ = {isa = PBXFileReference; fileEncoding = 4; lastKnownFileType = sourcecode.swift; path = FeedCollectionView.swift; sourceTree = "<group>"; };
/* End PBXFileReference section */

/* Begin PBXFrameworksBuildPhase section */
		96C5C88A1DFCDE2E00A61681 /* Frameworks */ = {
			isa = PBXFrameworksBuildPhase;
			buildActionMask = 2147483647;
			files = (
			);
			runOnlyForDeploymentPostprocessing = 0;
		};
/* End PBXFrameworksBuildPhase section */

/* Begin PBXGroup section */
		960DEACC1E021584001951C9 /* MJRefresh */ = {
			isa = PBXGroup;
			children = (
				960DEACD1E021584001951C9 /* Base */,
				960DEAD81E021584001951C9 /* Custom */,
				960DEAEF1E021584001951C9 /* MJRefresh.bundle */,
				960DEAF01E021584001951C9 /* MJRefresh.h */,
				960DEAF11E021584001951C9 /* MJRefreshConst.h */,
				960DEAF21E021584001951C9 /* MJRefreshConst.m */,
				960DEAF31E021584001951C9 /* NSBundle+MJRefresh.h */,
				960DEAF41E021584001951C9 /* NSBundle+MJRefresh.m */,
				960DEAF51E021584001951C9 /* UIScrollView+MJExtension.h */,
				960DEAF61E021584001951C9 /* UIScrollView+MJExtension.m */,
				960DEAF71E021584001951C9 /* UIScrollView+MJRefresh.h */,
				960DEAF81E021584001951C9 /* UIScrollView+MJRefresh.m */,
				960DEAF91E021584001951C9 /* UIView+MJExtension.h */,
				960DEAFA1E021584001951C9 /* UIView+MJExtension.m */,
			);
			path = MJRefresh;
			sourceTree = "<group>";
		};
		960DEACD1E021584001951C9 /* Base */ = {
			isa = PBXGroup;
			children = (
				960DEACE1E021584001951C9 /* MJRefreshAutoFooter.h */,
				960DEACF1E021584001951C9 /* MJRefreshAutoFooter.m */,
				960DEAD01E021584001951C9 /* MJRefreshBackFooter.h */,
				960DEAD11E021584001951C9 /* MJRefreshBackFooter.m */,
				960DEAD21E021584001951C9 /* MJRefreshComponent.h */,
				960DEAD31E021584001951C9 /* MJRefreshComponent.m */,
				960DEAD41E021584001951C9 /* MJRefreshFooter.h */,
				960DEAD51E021584001951C9 /* MJRefreshFooter.m */,
				960DEAD61E021584001951C9 /* MJRefreshHeader.h */,
				960DEAD71E021584001951C9 /* MJRefreshHeader.m */,
			);
			path = Base;
			sourceTree = "<group>";
		};
		960DEAD81E021584001951C9 /* Custom */ = {
			isa = PBXGroup;
			children = (
				960DEAD91E021584001951C9 /* Footer */,
				960DEAE81E021584001951C9 /* Header */,
			);
			path = Custom;
			sourceTree = "<group>";
		};
		960DEAD91E021584001951C9 /* Footer */ = {
			isa = PBXGroup;
			children = (
				960DEADA1E021584001951C9 /* Auto */,
				960DEAE11E021584001951C9 /* Back */,
			);
			path = Footer;
			sourceTree = "<group>";
		};
		960DEADA1E021584001951C9 /* Auto */ = {
			isa = PBXGroup;
			children = (
				960DEADB1E021584001951C9 /* MJRefreshAutoGifFooter.h */,
				960DEADC1E021584001951C9 /* MJRefreshAutoGifFooter.m */,
				960DEADD1E021584001951C9 /* MJRefreshAutoNormalFooter.h */,
				960DEADE1E021584001951C9 /* MJRefreshAutoNormalFooter.m */,
				960DEADF1E021584001951C9 /* MJRefreshAutoStateFooter.h */,
				960DEAE01E021584001951C9 /* MJRefreshAutoStateFooter.m */,
			);
			path = Auto;
			sourceTree = "<group>";
		};
		960DEAE11E021584001951C9 /* Back */ = {
			isa = PBXGroup;
			children = (
				960DEAE21E021584001951C9 /* MJRefreshBackGifFooter.h */,
				960DEAE31E021584001951C9 /* MJRefreshBackGifFooter.m */,
				960DEAE41E021584001951C9 /* MJRefreshBackNormalFooter.h */,
				960DEAE51E021584001951C9 /* MJRefreshBackNormalFooter.m */,
				960DEAE61E021584001951C9 /* MJRefreshBackStateFooter.h */,
				960DEAE71E021584001951C9 /* MJRefreshBackStateFooter.m */,
			);
			path = Back;
			sourceTree = "<group>";
		};
		960DEAE81E021584001951C9 /* Header */ = {
			isa = PBXGroup;
			children = (
				960DEAE91E021584001951C9 /* MJRefreshGifHeader.h */,
				960DEAEA1E021584001951C9 /* MJRefreshGifHeader.m */,
				960DEAEB1E021584001951C9 /* MJRefreshNormalHeader.h */,
				960DEAEC1E021584001951C9 /* MJRefreshNormalHeader.m */,
				960DEAED1E021584001951C9 /* MJRefreshStateHeader.h */,
				960DEAEE1E021584001951C9 /* MJRefreshStateHeader.m */,
			);
			path = Header;
			sourceTree = "<group>";
		};
		967F97901E011FA90048D63B /* NewFeed */ = {
			isa = PBXGroup;
			children = (
				96C5C8B21DFE1DA600A61681 /* FeedCell.swift */,
				96C5C8D11DFE761400A61681 /* FeedCollectionView.swift */,
			);
			name = NewFeed;
			sourceTree = "<group>";
		};
		967F97911E011FC40048D63B /* SavedFeed */ = {
			isa = PBXGroup;
			children = (
				967F97921E0120570048D63B /* SavedTableView.swift */,
			);
			name = SavedFeed;
			sourceTree = "<group>";
		};
		96C5C8841DFCDE2E00A61681 = {
			isa = PBXGroup;
			children = (
				96C5C88F1DFCDE2E00A61681 /* cnBeta Reader */,
				96C5C88E1DFCDE2E00A61681 /* Products */,
			);
			sourceTree = "<group>";
		};
		96C5C88E1DFCDE2E00A61681 /* Products */ = {
			isa = PBXGroup;
			children = (
				96C5C88D1DFCDE2E00A61681 /* cnBeta Reader.app */,
			);
			name = Products;
			sourceTree = "<group>";
		};
		96C5C88F1DFCDE2E00A61681 /* cnBeta Reader */ = {
			isa = PBXGroup;
			children = (
				96C5C8CC1DFE463300A61681 /* OtherResouce */,
				96C5C8CB1DFE44EB00A61681 /* CoreData */,
				96C5C8AD1DFD14FE00A61681 /* ApiService */,
				96C5C8A91DFCE90100A61681 /* views */,
				96C5C8901DFCDE2E00A61681 /* AppDelegate.swift */,
				96B007B91E01DFD70098BD71 /* Bridging-Header.h */,
				962771361E025BC50043F894 /* WebDetailController.swift */,
				96C5C8921DFCDE2E00A61681 /* HomeController.swift */,
				96C5C8A71DFCE88500A61681 /* Extensions.swift */,
				96C5C8971DFCDE2E00A61681 /* Assets.xcassets */,
				96C5C8991DFCDE2E00A61681 /* LaunchScreen.storyboard */,
				96C5C89C1DFCDE2E00A61681 /* Info.plist */,
			);
			path = "cnBeta Reader";
			sourceTree = "<group>";
		};
		96C5C8A91DFCE90100A61681 /* views */ = {
			isa = PBXGroup;
			children = (
				967F97911E011FC40048D63B /* SavedFeed */,
				967F97901E011FA90048D63B /* NewFeed */,
				96C5C8AA1DFCE90F00A61681 /* Menubar */,
				96C5C8A51DFCE84F00A61681 /* BaseCell.swift */,
			);
			name = views;
			sourceTree = "<group>";
		};
		96C5C8AA1DFCE90F00A61681 /* Menubar */ = {
			isa = PBXGroup;
			children = (
				96C5C8AB1DFCE94200A61681 /* MenuBar.swift */,
				96C5C8B01DFE1D6C00A61681 /* MenuCell.swift */,
			);
			name = Menubar;
			sourceTree = "<group>";
		};
		96C5C8AD1DFD14FE00A61681 /* ApiService */ = {
			isa = PBXGroup;
			children = (
				96C5C8AE1DFD151B00A61681 /* ApiService.swift */,
			);
			name = ApiService;
			sourceTree = "<group>";
		};
		96C5C8CB1DFE44EB00A61681 /* CoreData */ = {
			isa = PBXGroup;
			children = (
				9666F0C81DFF22F00043465D /* CoreDataStack.swift */,
				967F978D1E011E490048D63B /* cnBeta-Reader.xcdatamodeld */,
			);
			name = CoreData;
			path = ..;
			sourceTree = "<group>";
		};
		96C5C8CC1DFE463300A61681 /* OtherResouce */ = {
			isa = PBXGroup;
			children = (
				960DEACC1E021584001951C9 /* MJRefresh */,
				960DEB0F1E0246CD001951C9 /* Toast.swift */,
			);
			name = OtherResouce;
			sourceTree = "<group>";
		};
/* End PBXGroup section */

/* Begin PBXNativeTarget section */
		96C5C88C1DFCDE2E00A61681 /* cnBeta Reader */ = {
			isa = PBXNativeTarget;
			buildConfigurationList = 96C5C89F1DFCDE2E00A61681 /* Build configuration list for PBXNativeTarget "cnBeta Reader" */;
			buildPhases = (
				96C5C8891DFCDE2E00A61681 /* Sources */,
				96C5C88A1DFCDE2E00A61681 /* Frameworks */,
				96C5C88B1DFCDE2E00A61681 /* Resources */,
			);
			buildRules = (
			);
			dependencies = (
			);
			name = "cnBeta Reader";
			productName = "cnBeta Reader";
			productReference = 96C5C88D1DFCDE2E00A61681 /* cnBeta Reader.app */;
			productType = "com.apple.product-type.application";
		};
/* End PBXNativeTarget section */

/* Begin PBXProject section */
		96C5C8851DFCDE2E00A61681 /* Project object */ = {
			isa = PBXProject;
			attributes = {
				LastSwiftUpdateCheck = 0810;
				LastUpgradeCheck = 0820;
				ORGANIZATIONNAME = JasonH;
				TargetAttributes = {
					96C5C88C1DFCDE2E00A61681 = {
						CreatedOnToolsVersion = 8.1;
						DevelopmentTeam = C2VVZK2VN8;
						ProvisioningStyle = Automatic;
					};
				};
			};
			buildConfigurationList = 96C5C8881DFCDE2E00A61681 /* Build configuration list for PBXProject "cnBeta Reader" */;
			compatibilityVersion = "Xcode 3.2";
			developmentRegion = English;
			hasScannedForEncodings = 0;
			knownRegions = (
				en,
				Base,
			);
			mainGroup = 96C5C8841DFCDE2E00A61681;
			productRefGroup = 96C5C88E1DFCDE2E00A61681 /* Products */;
			projectDirPath = "";
			projectRoot = "";
			targets = (
				96C5C88C1DFCDE2E00A61681 /* cnBeta Reader */,
			);
		};
/* End PBXProject section */

/* Begin PBXResourcesBuildPhase section */
		96C5C88B1DFCDE2E00A61681 /* Resources */ = {
			isa = PBXResourcesBuildPhase;
			buildActionMask = 2147483647;
			files = (
				96C5C89B1DFCDE2E00A61681 /* LaunchScreen.storyboard in Resources */,
				96C5C8981DFCDE2E00A61681 /* Assets.xcassets in Resources */,
				960DEB091E021585001951C9 /* MJRefresh.bundle in Resources */,
			);
			runOnlyForDeploymentPostprocessing = 0;
		};
/* End PBXResourcesBuildPhase section */

/* Begin PBXSourcesBuildPhase section */
		96C5C8891DFCDE2E00A61681 /* Sources */ = {
			isa = PBXSourcesBuildPhase;
			buildActionMask = 2147483647;
			files = (
				960DEB011E021584001951C9 /* MJRefreshAutoNormalFooter.m in Sources */,
				960DEAFC1E021584001951C9 /* MJRefreshBackFooter.m in Sources */,
				960DEB001E021584001951C9 /* MJRefreshAutoGifFooter.m in Sources */,
				960DEB041E021584001951C9 /* MJRefreshBackNormalFooter.m in Sources */,
				960DEAFE1E021584001951C9 /* MJRefreshFooter.m in Sources */,
				960DEB0A1E021585001951C9 /* MJRefreshConst.m in Sources */,
				96C5C8A81DFCE88500A61681 /* Extensions.swift in Sources */,
				960DEB071E021584001951C9 /* MJRefreshNormalHeader.m in Sources */,
				960DEB0E1E021585001951C9 /* UIView+MJExtension.m in Sources */,
				960DEB0D1E021585001951C9 /* UIScrollView+MJRefresh.m in Sources */,
				960DEAFD1E021584001951C9 /* MJRefreshComponent.m in Sources */,
				96C5C8AC1DFCE94200A61681 /* MenuBar.swift in Sources */,
				960DEB031E021584001951C9 /* MJRefreshBackGifFooter.m in Sources */,
				96C5C8A61DFCE84F00A61681 /* BaseCell.swift in Sources */,
				96C5C8D21DFE761400A61681 /* FeedCollectionView.swift in Sources */,
				967F978F1E011E490048D63B /* cnBeta-Reader.xcdatamodeld in Sources */,
				960DEB061E021584001951C9 /* MJRefreshGifHeader.m in Sources */,
				960DEB101E0246CD001951C9 /* Toast.swift in Sources */,
				960DEB0B1E021585001951C9 /* NSBundle+MJRefresh.m in Sources */,
				96C5C8931DFCDE2E00A61681 /* HomeController.swift in Sources */,
				9666F0CA1DFF22F00043465D /* CoreDataStack.swift in Sources */,
				962771371E025BC50043F894 /* WebDetailController.swift in Sources */,
				960DEB021E021584001951C9 /* MJRefreshAutoStateFooter.m in Sources */,
				960DEB081E021584001951C9 /* MJRefreshStateHeader.m in Sources */,
				96C5C8AF1DFD151B00A61681 /* ApiService.swift in Sources */,
				960DEAFF1E021584001951C9 /* MJRefreshHeader.m in Sources */,
				960DEB051E021584001951C9 /* MJRefreshBackStateFooter.m in Sources */,
				96C5C8B11DFE1D6C00A61681 /* MenuCell.swift in Sources */,
				960DEAFB1E021584001951C9 /* MJRefreshAutoFooter.m in Sources */,
				967F97931E0120570048D63B /* SavedTableView.swift in Sources */,
				96C5C8911DFCDE2E00A61681 /* AppDelegate.swift in Sources */,
				96C5C8B31DFE1DA600A61681 /* FeedCell.swift in Sources */,
				960DEB0C1E021585001951C9 /* UIScrollView+MJExtension.m in Sources */,
			);
			runOnlyForDeploymentPostprocessing = 0;
		};
/* End PBXSourcesBuildPhase section */

/* Begin PBXVariantGroup section */
		96C5C8991DFCDE2E00A61681 /* LaunchScreen.storyboard */ = {
			isa = PBXVariantGroup;
			children = (
				96C5C89A1DFCDE2E00A61681 /* Base */,
			);
			name = LaunchScreen.storyboard;
			sourceTree = "<group>";
		};
/* End PBXVariantGroup section */

/* Begin XCBuildConfiguration section */
		96C5C89D1DFCDE2E00A61681 /* Debug */ = {
			isa = XCBuildConfiguration;
			buildSettings = {
				ALWAYS_SEARCH_USER_PATHS = NO;
				CLANG_ANALYZER_NONNULL = YES;
				CLANG_CXX_LANGUAGE_STANDARD = "gnu++0x";
				CLANG_CXX_LIBRARY = "libc++";
				CLANG_ENABLE_MODULES = YES;
				CLANG_ENABLE_OBJC_ARC = YES;
				CLANG_WARN_BOOL_CONVERSION = YES;
				CLANG_WARN_CONSTANT_CONVERSION = YES;
				CLANG_WARN_DIRECT_OBJC_ISA_USAGE = YES_ERROR;
				CLANG_WARN_DOCUMENTATION_COMMENTS = YES;
				CLANG_WARN_EMPTY_BODY = YES;
				CLANG_WARN_ENUM_CONVERSION = YES;
				CLANG_WARN_INFINITE_RECURSION = YES;
				CLANG_WARN_INT_CONVERSION = YES;
				CLANG_WARN_OBJC_ROOT_CLASS = YES_ERROR;
				CLANG_WARN_SUSPICIOUS_MOVE = YES;
				CLANG_WARN_SUSPICIOUS_MOVES = YES;
				CLANG_WARN_UNREACHABLE_CODE = YES;
				CLANG_WARN__DUPLICATE_METHOD_MATCH = YES;
				"CODE_SIGN_IDENTITY[sdk=iphoneos*]" = "iPhone Developer";
				COPY_PHASE_STRIP = NO;
				DEBUG_INFORMATION_FORMAT = dwarf;
				ENABLE_STRICT_OBJC_MSGSEND = YES;
				ENABLE_TESTABILITY = YES;
				GCC_C_LANGUAGE_STANDARD = gnu99;
				GCC_DYNAMIC_NO_PIC = NO;
				GCC_NO_COMMON_BLOCKS = YES;
				GCC_OPTIMIZATION_LEVEL = 0;
				GCC_PREPROCESSOR_DEFINITIONS = (
					"DEBUG=1",
					"$(inherited)",
				);
				GCC_WARN_64_TO_32_BIT_CONVERSION = YES;
				GCC_WARN_ABOUT_RETURN_TYPE = YES_ERROR;
				GCC_WARN_UNDECLARED_SELECTOR = YES;
				GCC_WARN_UNINITIALIZED_AUTOS = YES_AGGRESSIVE;
				GCC_WARN_UNUSED_FUNCTION = YES;
				GCC_WARN_UNUSED_VARIABLE = YES;
				IPHONEOS_DEPLOYMENT_TARGET = 10.1;
				MTL_ENABLE_DEBUG_INFO = YES;
				ONLY_ACTIVE_ARCH = YES;
				SDKROOT = iphoneos;
				SWIFT_ACTIVE_COMPILATION_CONDITIONS = DEBUG;
				SWIFT_OPTIMIZATION_LEVEL = "-Onone";
			};
			name = Debug;
		};
		96C5C89E1DFCDE2E00A61681 /* Release */ = {
			isa = XCBuildConfiguration;
			buildSettings = {
				ALWAYS_SEARCH_USER_PATHS = NO;
				CLANG_ANALYZER_NONNULL = YES;
				CLANG_CXX_LANGUAGE_STANDARD = "gnu++0x";
				CLANG_CXX_LIBRARY = "libc++";
				CLANG_ENABLE_MODULES = YES;
				CLANG_ENABLE_OBJC_ARC = YES;
				CLANG_WARN_BOOL_CONVERSION = YES;
				CLANG_WARN_CONSTANT_CONVERSION = YES;
				CLANG_WARN_DIRECT_OBJC_ISA_USAGE = YES_ERROR;
				CLANG_WARN_DOCUMENTATION_COMMENTS = YES;
				CLANG_WARN_EMPTY_BODY = YES;
				CLANG_WARN_ENUM_CONVERSION = YES;
				CLANG_WARN_INFINITE_RECURSION = YES;
				CLANG_WARN_INT_CONVERSION = YES;
				CLANG_WARN_OBJC_ROOT_CLASS = YES_ERROR;
				CLANG_WARN_SUSPICIOUS_MOVE = YES;
				CLANG_WARN_SUSPICIOUS_MOVES = YES;
				CLANG_WARN_UNREACHABLE_CODE = YES;
				CLANG_WARN__DUPLICATE_METHOD_MATCH = YES;
				"CODE_SIGN_IDENTITY[sdk=iphoneos*]" = "iPhone Developer";
				COPY_PHASE_STRIP = NO;
				DEBUG_INFORMATION_FORMAT = "dwarf-with-dsym";
				ENABLE_NS_ASSERTIONS = NO;
				ENABLE_STRICT_OBJC_MSGSEND = YES;
				GCC_C_LANGUAGE_STANDARD = gnu99;
				GCC_NO_COMMON_BLOCKS = YES;
				GCC_WARN_64_TO_32_BIT_CONVERSION = YES;
				GCC_WARN_ABOUT_RETURN_TYPE = YES_ERROR;
				GCC_WARN_UNDECLARED_SELECTOR = YES;
				GCC_WARN_UNINITIALIZED_AUTOS = YES_AGGRESSIVE;
				GCC_WARN_UNUSED_FUNCTION = YES;
				GCC_WARN_UNUSED_VARIABLE = YES;
				IPHONEOS_DEPLOYMENT_TARGET = 10.1;
				MTL_ENABLE_DEBUG_INFO = NO;
				SDKROOT = iphoneos;
				SWIFT_OPTIMIZATION_LEVEL = "-Owholemodule";
				VALIDATE_PRODUCT = YES;
			};
			name = Release;
		};
		96C5C8A01DFCDE2E00A61681 /* Debug */ = {
			isa = XCBuildConfiguration;
			buildSettings = {
				ASSETCATALOG_COMPILER_APPICON_NAME = AppIcon;
				DEVELOPMENT_TEAM = C2VVZK2VN8;
				INFOPLIST_FILE = "cnBeta Reader/Info.plist";
				IPHONEOS_DEPLOYMENT_TARGET = 9.0;
				LD_RUNPATH_SEARCH_PATHS = "$(inherited) @executable_path/Frameworks";
				PRODUCT_BUNDLE_IDENTIFIER = "com.juncheng.app.cnBeta-Reader";
				PRODUCT_NAME = "$(TARGET_NAME)";
				SWIFT_OBJC_BRIDGING_HEADER = "/Users/Jason/Desktop/cnBeta-Reader/cnBeta Reader/Bridging-Header.h";
				SWIFT_VERSION = 3.0;
				TARGETED_DEVICE_FAMILY = 1;
				USER_HEADER_SEARCH_PATHS = "$(PODS_ROOT)";
			};
			name = Debug;
		};
		96C5C8A11DFCDE2E00A61681 /* Release */ = {
			isa = XCBuildConfiguration;
			buildSettings = {
				ASSETCATALOG_COMPILER_APPICON_NAME = AppIcon;
				DEVELOPMENT_TEAM = C2VVZK2VN8;
				INFOPLIST_FILE = "cnBeta Reader/Info.plist";
				IPHONEOS_DEPLOYMENT_TARGET = 9.0;
				LD_RUNPATH_SEARCH_PATHS = "$(inherited) @executable_path/Frameworks";
				PRODUCT_BUNDLE_IDENTIFIER = "com.juncheng.app.cnBeta-Reader";
				PRODUCT_NAME = "$(TARGET_NAME)";
				SWIFT_OBJC_BRIDGING_HEADER = "/Users/Jason/Desktop/cnBeta-Reader/cnBeta Reader/Bridging-Header.h";
				SWIFT_VERSION = 3.0;
				TARGETED_DEVICE_FAMILY = 1;
				USER_HEADER_SEARCH_PATHS = "$(PODS_ROOT)";
			};
			name = Release;
		};
/* End XCBuildConfiguration section */

/* Begin XCConfigurationList section */
		96C5C8881DFCDE2E00A61681 /* Build configuration list for PBXProject "cnBeta Reader" */ = {
			isa = XCConfigurationList;
			buildConfigurations = (
				96C5C89D1DFCDE2E00A61681 /* Debug */,
				96C5C89E1DFCDE2E00A61681 /* Release */,
			);
			defaultConfigurationIsVisible = 0;
			defaultConfigurationName = Release;
		};
		96C5C89F1DFCDE2E00A61681 /* Build configuration list for PBXNativeTarget "cnBeta Reader" */ = {
			isa = XCConfigurationList;
			buildConfigurations = (
				96C5C8A01DFCDE2E00A61681 /* Debug */,
				96C5C8A11DFCDE2E00A61681 /* Release */,
			);
			defaultConfigurationIsVisible = 0;
			defaultConfigurationName = Release;
		};
/* End XCConfigurationList section */

/* Begin XCVersionGroup section */
		967F978D1E011E490048D63B /* cnBeta-Reader.xcdatamodeld */ = {
			isa = XCVersionGroup;
			children = (
				967F978E1E011E490048D63B /* cnBeta-Reader.xcdatamodel */,
			);
			currentVersion = 967F978E1E011E490048D63B /* cnBeta-Reader.xcdatamodel */;
			path = "cnBeta-Reader.xcdatamodeld";
			sourceTree = "<group>";
			versionGroupType = wrapper.xcdatamodel;
		};
/* End XCVersionGroup section */
	};
	rootObject = 96C5C8851DFCDE2E00A61681 /* Project object */;
}
