PODS:
  - Alamofire (4.4.0)
  - Crashlytics (3.8.4):
    - Fabric (~> 1.6.3)
  - DZNEmptyDataSet (1.8.1)
  - Fabric (1.6.11)
  - Kanna (2.1.1)
  - Kingfisher (3.6.2)
  - MJRefresh (3.1.12)
  - Toast-Swift (2.0.0)

DEPENDENCIES:
  - Alamofire (~> 4.0)
  - Crashlytics
  - DZNEmptyDataSet
  - Fabric
  - Kanna (~> 2.1.0)
  - Kingfisher (~> 3.0)
  - MJRefresh
  - Toast-Swift (~> 2.0.0)

SPEC CHECKSUMS:
  Alamofire: dc44b1600b800eb63da6a19039a0083d62a6a62d
  Crashlytics: 79e236942ca1e7fc641df1feb9a275360a78ab6a
  DZNEmptyDataSet: 9525833b9e68ac21c30253e1d3d7076cc828eaa7
  Fabric: 5911403591946b8228ab1c51d98f1d7137e863c6
  Kanna: 9b4b086c218703f2b94f5b21a466217dd2f9332e
  Kingfisher: 2c94e72c6830622c71d06adf4ea024c37d316830
  MJRefresh: b96cdb21c4aa75a7b07654311ab2f315c497e806
  Toast-Swift: 5b2f8f720f7e78e48511f693df1f9c9a6e38a25a

PODFILE CHECKSUM: 1f972f078f388b56b4a52d078cf4fdcc483404da

COCOAPODS: 1.2.0
