PODS:
  - Alamofire (4.2.0)
  - Crashlytics (3.8.3):
    - Fabric (~> 1.6.3)
  - Fabric (1.6.11)
  - Kanna (2.1.1)
  - MJRefresh (3.1.12)
  - Toast-Swift (2.0.0)

DEPENDENCIES:
  - Alamofire (~> 4.0)
  - Crashlytics
  - Fabric
  - Kanna (~> 2.1.0)
  - MJRefresh
  - Toast-Swift (~> 2.0.0)

SPEC CHECKSUMS:
  Alamofire: aa2e09d871c9160ac53c90e83c68064a94e3dfbe
  Crashlytics: 2b6dbe138a42395577cfa73dfa1aa7248cadf39e
  Fabric: 5911403591946b8228ab1c51d98f1d7137e863c6
  Kanna: 9b4b086c218703f2b94f5b21a466217dd2f9332e
  MJRefresh: b96cdb21c4aa75a7b07654311ab2f315c497e806
  Toast-Swift: 5b2f8f720f7e78e48511f693df1f9c9a6e38a25a

PODFILE CHECKSUM: e766cac945e13d6ed0ab92150d6173b309ba1b5b

COCOAPODS: 1.2.0.beta.1
