// !$*UTF8*$!
{
	archiveVersion = 1;
	classes = {
	};
	objectVersion = 46;
	objects = {

/* Begin PBXBuildFile section */
		962771371E025BC50043F894 /* DetailController.swift in Sources */ = {isa = PBXBuildFile; fileRef = 962771361E025BC50043F894 /* DetailController.swift */; };
		962771951E03AFF40043F894 /* test.html in Resources */ = {isa = PBXBuildFile; fileRef = 962771941E03AFF40043F894 /* test.html */; };
		964963B11E08DE8D00EA079C /* Paragraph.swift in Sources */ = {isa = PBXBuildFile; fileRef = 964963B01E08DE8D00EA079C /* Paragraph.swift */; };
		9666F0CA1DFF22F00043465D /* CoreDataStack.swift in Sources */ = {isa = PBXBuildFile; fileRef = 9666F0C81DFF22F00043465D /* CoreDataStack.swift */; };
		967F978F1E011E490048D63B /* cnBeta-Reader.xcdatamodeld in Sources */ = {isa = PBXBuildFile; fileRef = 967F978D1E011E490048D63B /* cnBeta-Reader.xcdatamodeld */; };
		967F97931E0120570048D63B /* SavedTableView.swift in Sources */ = {isa = PBXBuildFile; fileRef = 967F97921E0120570048D63B /* SavedTableView.swift */; };
		968872271E0905D000A45385 /* SavedCell.swift in Sources */ = {isa = PBXBuildFile; fileRef = 968872261E0905D000A45385 /* SavedCell.swift */; };
		96C5C8911DFCDE2E00A61681 /* AppDelegate.swift in Sources */ = {isa = PBXBuildFile; fileRef = 96C5C8901DFCDE2E00A61681 /* AppDelegate.swift */; };
		96C5C8931DFCDE2E00A61681 /* HomeController.swift in Sources */ = {isa = PBXBuildFile; fileRef = 96C5C8921DFCDE2E00A61681 /* HomeController.swift */; };
		96C5C8981DFCDE2E00A61681 /* Assets.xcassets in Resources */ = {isa = PBXBuildFile; fileRef = 96C5C8971DFCDE2E00A61681 /* Assets.xcassets */; };
		96C5C89B1DFCDE2E00A61681 /* LaunchScreen.storyboard in Resources */ = {isa = PBXBuildFile; fileRef = 96C5C8991DFCDE2E00A61681 /* LaunchScreen.storyboard */; };
		96C5C8A61DFCE84F00A61681 /* BaseCell.swift in Sources */ = {isa = PBXBuildFile; fileRef = 96C5C8A51DFCE84F00A61681 /* BaseCell.swift */; };
		96C5C8A81DFCE88500A61681 /* Extensions.swift in Sources */ = {isa = PBXBuildFile; fileRef = 96C5C8A71DFCE88500A61681 /* Extensions.swift */; };
		96C5C8AC1DFCE94200A61681 /* MenuBar.swift in Sources */ = {isa = PBXBuildFile; fileRef = 96C5C8AB1DFCE94200A61681 /* MenuBar.swift */; };
		96C5C8AF1DFD151B00A61681 /* ApiService.swift in Sources */ = {isa = PBXBuildFile; fileRef = 96C5C8AE1DFD151B00A61681 /* ApiService.swift */; };
		96C5C8B11DFE1D6C00A61681 /* MenuCell.swift in Sources */ = {isa = PBXBuildFile; fileRef = 96C5C8B01DFE1D6C00A61681 /* MenuCell.swift */; };
		96C5C8B31DFE1DA600A61681 /* FeedCell.swift in Sources */ = {isa = PBXBuildFile; fileRef = 96C5C8B21DFE1DA600A61681 /* FeedCell.swift */; };
		96C5C8D21DFE761400A61681 /* FeedCollectionView.swift in Sources */ = {isa = PBXBuildFile; fileRef = 96C5C8D11DFE761400A61681 /* FeedCollectionView.swift */; };
		96EE0AE11E0C830E0099892B /* FetchContentOperation.swift in Sources */ = {isa = PBXBuildFile; fileRef = 96EE0AE01E0C830E0099892B /* FetchContentOperation.swift */; };
		96F583431E04FBCF0041B9D2 /* CustomImageView.swift in Sources */ = {isa = PBXBuildFile; fileRef = 96F583421E04FBCF0041B9D2 /* CustomImageView.swift */; };
		96F583461E0500190041B9D2 /* WebCell.swift in Sources */ = {isa = PBXBuildFile; fileRef = 96F583451E0500190041B9D2 /* WebCell.swift */; };
		96F583481E0504BE0041B9D2 /* Constants.swift in Sources */ = {isa = PBXBuildFile; fileRef = 96F583471E0504BE0041B9D2 /* Constants.swift */; };
		BE760AE09ADEB8E545DD84B4 /* Pods_cnBeta_Reader.framework in Frameworks */ = {isa = PBXBuildFile; fileRef = 25CA353D8BF4D1757FC95136 /* Pods_cnBeta_Reader.framework */; };
/* End PBXBuildFile section */

/* Begin PBXFileReference section */
		25CA353D8BF4D1757FC95136 /* Pods_cnBeta_Reader.framework */ = {isa = PBXFileReference; explicitFileType = wrapper.framework; includeInIndex = 0; path = Pods_cnBeta_Reader.framework; sourceTree = BUILT_PRODUCTS_DIR; };
		962771361E025BC50043F894 /* DetailController.swift */ = {isa = PBXFileReference; fileEncoding = 4; lastKnownFileType = sourcecode.swift; path = DetailController.swift; sourceTree = "<group>"; };
		962771941E03AFF40043F894 /* test.html */ = {isa = PBXFileReference; fileEncoding = 4; lastKnownFileType = text.html; path = test.html; sourceTree = "<group>"; };
		964963B01E08DE8D00EA079C /* Paragraph.swift */ = {isa = PBXFileReference; fileEncoding = 4; lastKnownFileType = sourcecode.swift; path = Paragraph.swift; sourceTree = "<group>"; };
		9666F0C81DFF22F00043465D /* CoreDataStack.swift */ = {isa = PBXFileReference; fileEncoding = 4; lastKnownFileType = sourcecode.swift; name = CoreDataStack.swift; path = "cnBeta Reader/CoreDataStack.swift"; sourceTree = "<group>"; };
		967F978E1E011E490048D63B /* cnBeta-Reader.xcdatamodel */ = {isa = PBXFileReference; lastKnownFileType = wrapper.xcdatamodel; path = "cnBeta-Reader.xcdatamodel"; sourceTree = "<group>"; };
		967F97921E0120570048D63B /* SavedTableView.swift */ = {isa = PBXFileReference; fileEncoding = 4; lastKnownFileType = sourcecode.swift; path = SavedTableView.swift; sourceTree = "<group>"; };
		968872261E0905D000A45385 /* SavedCell.swift */ = {isa = PBXFileReference; fileEncoding = 4; lastKnownFileType = sourcecode.swift; path = SavedCell.swift; sourceTree = "<group>"; };
		96B007B91E01DFD70098BD71 /* Bridging-Header.h */ = {isa = PBXFileReference; lastKnownFileType = sourcecode.c.h; path = "Bridging-Header.h"; sourceTree = "<group>"; };
		96C5C88D1DFCDE2E00A61681 /* cnBeta-Reader.app */ = {isa = PBXFileReference; explicitFileType = wrapper.application; includeInIndex = 0; path = "cnBeta-Reader.app"; sourceTree = BUILT_PRODUCTS_DIR; };
		96C5C8901DFCDE2E00A61681 /* AppDelegate.swift */ = {isa = PBXFileReference; lastKnownFileType = sourcecode.swift; path = AppDelegate.swift; sourceTree = "<group>"; };
		96C5C8921DFCDE2E00A61681 /* HomeController.swift */ = {isa = PBXFileReference; lastKnownFileType = sourcecode.swift; path = HomeController.swift; sourceTree = "<group>"; };
		96C5C8971DFCDE2E00A61681 /* Assets.xcassets */ = {isa = PBXFileReference; lastKnownFileType = folder.assetcatalog; path = Assets.xcassets; sourceTree = "<group>"; };
		96C5C89A1DFCDE2E00A61681 /* Base */ = {isa = PBXFileReference; lastKnownFileType = file.storyboard; name = Base; path = Base.lproj/LaunchScreen.storyboard; sourceTree = "<group>"; };
		96C5C89C1DFCDE2E00A61681 /* Info.plist */ = {isa = PBXFileReference; lastKnownFileType = text.plist.xml; path = Info.plist; sourceTree = "<group>"; };
		96C5C8A51DFCE84F00A61681 /* BaseCell.swift */ = {isa = PBXFileReference; fileEncoding = 4; lastKnownFileType = sourcecode.swift; path = BaseCell.swift; sourceTree = "<group>"; };
		96C5C8A71DFCE88500A61681 /* Extensions.swift */ = {isa = PBXFileReference; fileEncoding = 4; lastKnownFileType = sourcecode.swift; path = Extensions.swift; sourceTree = "<group>"; };
		96C5C8AB1DFCE94200A61681 /* MenuBar.swift */ = {isa = PBXFileReference; fileEncoding = 4; lastKnownFileType = sourcecode.swift; path = MenuBar.swift; sourceTree = "<group>"; };
		96C5C8AE1DFD151B00A61681 /* ApiService.swift */ = {isa = PBXFileReference; fileEncoding = 4; lastKnownFileType = sourcecode.swift; path = ApiService.swift; sourceTree = "<group>"; };
		96C5C8B01DFE1D6C00A61681 /* MenuCell.swift */ = {isa = PBXFileReference; fileEncoding = 4; lastKnownFileType = sourcecode.swift; path = MenuCell.swift; sourceTree = "<group>"; };
		96C5C8B21DFE1DA600A61681 /* FeedCell.swift */ = {isa = PBXFileReference; fileEncoding = 4; lastKnownFileType = sourcecode.swift; path = FeedCell.swift; sourceTree = "<group>"; };
		96C5C8D11DFE761400A61681 /* FeedCollectionView.swift */ = {isa = PBXFileReference; fileEncoding = 4; lastKnownFileType = sourcecode.swift; path = FeedCollectionView.swift; sourceTree = "<group>"; };
		96EE0AE01E0C830E0099892B /* FetchContentOperation.swift */ = {isa = PBXFileReference; fileEncoding = 4; lastKnownFileType = sourcecode.swift; path = FetchContentOperation.swift; sourceTree = "<group>"; };
		96F583421E04FBCF0041B9D2 /* CustomImageView.swift */ = {isa = PBXFileReference; fileEncoding = 4; lastKnownFileType = sourcecode.swift; path = CustomImageView.swift; sourceTree = "<group>"; };
		96F583451E0500190041B9D2 /* WebCell.swift */ = {isa = PBXFileReference; fileEncoding = 4; lastKnownFileType = sourcecode.swift; path = WebCell.swift; sourceTree = "<group>"; };
		96F583471E0504BE0041B9D2 /* Constants.swift */ = {isa = PBXFileReference; fileEncoding = 4; lastKnownFileType = sourcecode.swift; path = Constants.swift; sourceTree = "<group>"; };
		A1EBE49441C2EE93FA219BE6 /* Pods-cnBeta Reader.debug.xcconfig */ = {isa = PBXFileReference; includeInIndex = 1; lastKnownFileType = text.xcconfig; name = "Pods-cnBeta Reader.debug.xcconfig"; path = "Pods/Target Support Files/Pods-cnBeta Reader/Pods-cnBeta Reader.debug.xcconfig"; sourceTree = "<group>"; };
		A2C669820FE1B658A23745A8 /* Pods-cnBeta-Reader.debug.xcconfig */ = {isa = PBXFileReference; includeInIndex = 1; lastKnownFileType = text.xcconfig; name = "Pods-cnBeta-Reader.debug.xcconfig"; path = "Pods/Target Support Files/Pods-cnBeta-Reader/Pods-cnBeta-Reader.debug.xcconfig"; sourceTree = "<group>"; };
		ACF6B6AD4191585A8798CE5D /* Pods-cnBeta Reader.release.xcconfig */ = {isa = PBXFileReference; includeInIndex = 1; lastKnownFileType = text.xcconfig; name = "Pods-cnBeta Reader.release.xcconfig"; path = "Pods/Target Support Files/Pods-cnBeta Reader/Pods-cnBeta Reader.release.xcconfig"; sourceTree = "<group>"; };
		DC5B660D184588EB074FFCB7 /* Pods-cnBeta-Reader.release.xcconfig */ = {isa = PBXFileReference; includeInIndex = 1; lastKnownFileType = text.xcconfig; name = "Pods-cnBeta-Reader.release.xcconfig"; path = "Pods/Target Support Files/Pods-cnBeta-Reader/Pods-cnBeta-Reader.release.xcconfig"; sourceTree = "<group>"; };
/* End PBXFileReference section */

/* Begin PBXFrameworksBuildPhase section */
		96C5C88A1DFCDE2E00A61681 /* Frameworks */ = {
			isa = PBXFrameworksBuildPhase;
			buildActionMask = 2147483647;
			files = (
				BE760AE09ADEB8E545DD84B4 /* Pods_cnBeta_Reader.framework in Frameworks */,
			);
			runOnlyForDeploymentPostprocessing = 0;
		};
/* End PBXFrameworksBuildPhase section */

/* Begin PBXGroup section */
		1DE86DA3843A6A5AF3784740 /* Pods */ = {
			isa = PBXGroup;
			children = (
				A1EBE49441C2EE93FA219BE6 /* Pods-cnBeta Reader.debug.xcconfig */,
				ACF6B6AD4191585A8798CE5D /* Pods-cnBeta Reader.release.xcconfig */,
				A2C669820FE1B658A23745A8 /* Pods-cnBeta-Reader.debug.xcconfig */,
				DC5B660D184588EB074FFCB7 /* Pods-cnBeta-Reader.release.xcconfig */,
			);
			name = Pods;
			sourceTree = "<group>";
		};
		736809E896998B6FF60E884D /* Frameworks */ = {
			isa = PBXGroup;
			children = (
				25CA353D8BF4D1757FC95136 /* Pods_cnBeta_Reader.framework */,
			);
			name = Frameworks;
			sourceTree = "<group>";
		};
		964963B21E08DEDB00EA079C /* Model */ = {
			isa = PBXGroup;
			children = (
				964963B01E08DE8D00EA079C /* Paragraph.swift */,
			);
			name = Model;
			sourceTree = "<group>";
		};
		966DCA5E1E05DFC500D0172D /* Helper */ = {
			isa = PBXGroup;
			children = (
				96C5C8A71DFCE88500A61681 /* Extensions.swift */,
				96F583421E04FBCF0041B9D2 /* CustomImageView.swift */,
				96F583471E0504BE0041B9D2 /* Constants.swift */,
			);
			name = Helper;
			sourceTree = "<group>";
		};
		967F97901E011FA90048D63B /* NewFeed */ = {
			isa = PBXGroup;
			children = (
				96C5C8B21DFE1DA600A61681 /* FeedCell.swift */,
				96C5C8D11DFE761400A61681 /* FeedCollectionView.swift */,
			);
			name = NewFeed;
			sourceTree = "<group>";
		};
		967F97911E011FC40048D63B /* SavedFeed */ = {
			isa = PBXGroup;
			children = (
				967F97921E0120570048D63B /* SavedTableView.swift */,
				968872261E0905D000A45385 /* SavedCell.swift */,
			);
			name = SavedFeed;
			sourceTree = "<group>";
		};
		96C5C8841DFCDE2E00A61681 = {
			isa = PBXGroup;
			children = (
				96C5C88F1DFCDE2E00A61681 /* cnBeta Reader */,
				96C5C88E1DFCDE2E00A61681 /* Products */,
				1DE86DA3843A6A5AF3784740 /* Pods */,
				736809E896998B6FF60E884D /* Frameworks */,
			);
			sourceTree = "<group>";
		};
		96C5C88E1DFCDE2E00A61681 /* Products */ = {
			isa = PBXGroup;
			children = (
				96C5C88D1DFCDE2E00A61681 /* cnBeta-Reader.app */,
			);
			name = Products;
			sourceTree = "<group>";
		};
		96C5C88F1DFCDE2E00A61681 /* cnBeta Reader */ = {
			isa = PBXGroup;
			children = (
				964963B21E08DEDB00EA079C /* Model */,
				966DCA5E1E05DFC500D0172D /* Helper */,
				96C5C8CB1DFE44EB00A61681 /* CoreData */,
				96C5C8AD1DFD14FE00A61681 /* ApiService */,
				96C5C8A91DFCE90100A61681 /* views */,
				962771361E025BC50043F894 /* DetailController.swift */,
				96C5C8921DFCDE2E00A61681 /* HomeController.swift */,
				96C5C8901DFCDE2E00A61681 /* AppDelegate.swift */,
				96C5C8991DFCDE2E00A61681 /* LaunchScreen.storyboard */,
				96C5C8CC1DFE463300A61681 /* Support */,
				96C5C8971DFCDE2E00A61681 /* Assets.xcassets */,
			);
			path = "cnBeta Reader";
			sourceTree = "<group>";
		};
		96C5C8A91DFCE90100A61681 /* views */ = {
			isa = PBXGroup;
			children = (
				96F583441E04FC250041B9D2 /* WebDetail */,
				967F97911E011FC40048D63B /* SavedFeed */,
				967F97901E011FA90048D63B /* NewFeed */,
				96C5C8AA1DFCE90F00A61681 /* Menubar */,
				96C5C8A51DFCE84F00A61681 /* BaseCell.swift */,
			);
			name = views;
			sourceTree = "<group>";
		};
		96C5C8AA1DFCE90F00A61681 /* Menubar */ = {
			isa = PBXGroup;
			children = (
				96C5C8AB1DFCE94200A61681 /* MenuBar.swift */,
				96C5C8B01DFE1D6C00A61681 /* MenuCell.swift */,
			);
			name = Menubar;
			sourceTree = "<group>";
		};
		96C5C8AD1DFD14FE00A61681 /* ApiService */ = {
			isa = PBXGroup;
			children = (
				96C5C8AE1DFD151B00A61681 /* ApiService.swift */,
				96EE0AE01E0C830E0099892B /* FetchContentOperation.swift */,
			);
			name = ApiService;
			sourceTree = "<group>";
		};
		96C5C8CB1DFE44EB00A61681 /* CoreData */ = {
			isa = PBXGroup;
			children = (
				9666F0C81DFF22F00043465D /* CoreDataStack.swift */,
				967F978D1E011E490048D63B /* cnBeta-Reader.xcdatamodeld */,
			);
			name = CoreData;
			path = ..;
			sourceTree = "<group>";
		};
		96C5C8CC1DFE463300A61681 /* Support */ = {
			isa = PBXGroup;
			children = (
				962771941E03AFF40043F894 /* test.html */,
				96B007B91E01DFD70098BD71 /* Bridging-Header.h */,
				96C5C89C1DFCDE2E00A61681 /* Info.plist */,
			);
			name = Support;
			sourceTree = "<group>";
		};
		96F583441E04FC250041B9D2 /* WebDetail */ = {
			isa = PBXGroup;
			children = (
				96F583451E0500190041B9D2 /* WebCell.swift */,
			);
			name = WebDetail;
			sourceTree = "<group>";
		};
/* End PBXGroup section */

/* Begin PBXNativeTarget section */
		96C5C88C1DFCDE2E00A61681 /* cnBeta-Reader */ = {
			isa = PBXNativeTarget;
			buildConfigurationList = 96C5C89F1DFCDE2E00A61681 /* Build configuration list for PBXNativeTarget "cnBeta-Reader" */;
			buildPhases = (
				7F56BF76B768C922E944D6FA /* [CP] Check Pods Manifest.lock */,
				96C5C8891DFCDE2E00A61681 /* Sources */,
				96C5C88A1DFCDE2E00A61681 /* Frameworks */,
				96C5C88B1DFCDE2E00A61681 /* Resources */,
				BB67959A0E3605E5415D1C71 /* [CP] Embed Pods Frameworks */,
				24C09492758460DAE51603AB /* [CP] Copy Pods Resources */,
				968872281E0915F100A45385 /* ShellScript */,
			);
			buildRules = (
			);
			dependencies = (
			);
			name = "cnBeta-Reader";
			productName = "cnBeta Reader";
			productReference = 96C5C88D1DFCDE2E00A61681 /* cnBeta-Reader.app */;
			productType = "com.apple.product-type.application";
		};
/* End PBXNativeTarget section */

/* Begin PBXProject section */
		96C5C8851DFCDE2E00A61681 /* Project object */ = {
			isa = PBXProject;
			attributes = {
				LastSwiftUpdateCheck = 0810;
				LastUpgradeCheck = 0820;
				ORGANIZATIONNAME = JasonH;
				TargetAttributes = {
					96C5C88C1DFCDE2E00A61681 = {
						CreatedOnToolsVersion = 8.1;
						DevelopmentTeam = C2VVZK2VN8;
						ProvisioningStyle = Automatic;
					};
				};
			};
			buildConfigurationList = 96C5C8881DFCDE2E00A61681 /* Build configuration list for PBXProject "cnBeta-Reader" */;
			compatibilityVersion = "Xcode 3.2";
			developmentRegion = English;
			hasScannedForEncodings = 0;
			knownRegions = (
				en,
				Base,
			);
			mainGroup = 96C5C8841DFCDE2E00A61681;
			productRefGroup = 96C5C88E1DFCDE2E00A61681 /* Products */;
			projectDirPath = "";
			projectRoot = "";
			targets = (
				96C5C88C1DFCDE2E00A61681 /* cnBeta-Reader */,
			);
		};
/* End PBXProject section */

/* Begin PBXResourcesBuildPhase section */
		96C5C88B1DFCDE2E00A61681 /* Resources */ = {
			isa = PBXResourcesBuildPhase;
			buildActionMask = 2147483647;
			files = (
				96C5C89B1DFCDE2E00A61681 /* LaunchScreen.storyboard in Resources */,
				96C5C8981DFCDE2E00A61681 /* Assets.xcassets in Resources */,
				962771951E03AFF40043F894 /* test.html in Resources */,
			);
			runOnlyForDeploymentPostprocessing = 0;
		};
/* End PBXResourcesBuildPhase section */

/* Begin PBXShellScriptBuildPhase section */
		24C09492758460DAE51603AB /* [CP] Copy Pods Resources */ = {
			isa = PBXShellScriptBuildPhase;
			buildActionMask = 2147483647;
			files = (
			);
			inputPaths = (
			);
			name = "[CP] Copy Pods Resources";
			outputPaths = (
			);
			runOnlyForDeploymentPostprocessing = 0;
			shellPath = /bin/sh;
			shellScript = "\"${SRCROOT}/Pods/Target Support Files/Pods-cnBeta-Reader/Pods-cnBeta-Reader-resources.sh\"\n";
			showEnvVarsInLog = 0;
		};
		7F56BF76B768C922E944D6FA /* [CP] Check Pods Manifest.lock */ = {
			isa = PBXShellScriptBuildPhase;
			buildActionMask = 2147483647;
			files = (
			);
			inputPaths = (
			);
			name = "[CP] Check Pods Manifest.lock";
			outputPaths = (
			);
			runOnlyForDeploymentPostprocessing = 0;
			shellPath = /bin/sh;
			shellScript = "diff \"${PODS_ROOT}/../Podfile.lock\" \"${PODS_ROOT}/Manifest.lock\" > /dev/null\nif [ $? != 0 ] ; then\n    # print error to STDERR\n    echo \"error: The sandbox is not in sync with the Podfile.lock. Run 'pod install' or update your CocoaPods installation.\" >&2\n    exit 1\nfi\n";
			showEnvVarsInLog = 0;
		};
		968872281E0915F100A45385 /* ShellScript */ = {
			isa = PBXShellScriptBuildPhase;
			buildActionMask = 2147483647;
			files = (
			);
			inputPaths = (
			);
			outputPaths = (
			);
			runOnlyForDeploymentPostprocessing = 0;
			shellPath = /bin/sh;
			shellScript = "\"${PODS_ROOT}/Fabric/run\" fc4241c937e243a3b48b4a50cfba2b291910144c c4611082081fbab89770d1e25c71354b32c4d74013854b78f77d64d522b7b621";
		};
		BB67959A0E3605E5415D1C71 /* [CP] Embed Pods Frameworks */ = {
			isa = PBXShellScriptBuildPhase;
			buildActionMask = 2147483647;
			files = (
			);
			inputPaths = (
			);
			name = "[CP] Embed Pods Frameworks";
			outputPaths = (
			);
			runOnlyForDeploymentPostprocessing = 0;
			shellPath = /bin/sh;
			shellScript = "\"${SRCROOT}/Pods/Target Support Files/Pods-cnBeta-Reader/Pods-cnBeta-Reader-frameworks.sh\"\n";
			showEnvVarsInLog = 0;
		};
/* End PBXShellScriptBuildPhase section */

/* Begin PBXSourcesBuildPhase section */
		96C5C8891DFCDE2E00A61681 /* Sources */ = {
			isa = PBXSourcesBuildPhase;
			buildActionMask = 2147483647;
			files = (
				96C5C8A81DFCE88500A61681 /* Extensions.swift in Sources */,
				968872271E0905D000A45385 /* SavedCell.swift in Sources */,
				96C5C8AC1DFCE94200A61681 /* MenuBar.swift in Sources */,
				96C5C8A61DFCE84F00A61681 /* BaseCell.swift in Sources */,
				96F583431E04FBCF0041B9D2 /* CustomImageView.swift in Sources */,
				96C5C8D21DFE761400A61681 /* FeedCollectionView.swift in Sources */,
				967F978F1E011E490048D63B /* cnBeta-Reader.xcdatamodeld in Sources */,
				964963B11E08DE8D00EA079C /* Paragraph.swift in Sources */,
				96EE0AE11E0C830E0099892B /* FetchContentOperation.swift in Sources */,
				96C5C8931DFCDE2E00A61681 /* HomeController.swift in Sources */,
				96F583481E0504BE0041B9D2 /* Constants.swift in Sources */,
				9666F0CA1DFF22F00043465D /* CoreDataStack.swift in Sources */,
				962771371E025BC50043F894 /* DetailController.swift in Sources */,
				96C5C8AF1DFD151B00A61681 /* ApiService.swift in Sources */,
				96F583461E0500190041B9D2 /* WebCell.swift in Sources */,
				96C5C8B11DFE1D6C00A61681 /* MenuCell.swift in Sources */,
				967F97931E0120570048D63B /* SavedTableView.swift in Sources */,
				96C5C8911DFCDE2E00A61681 /* AppDelegate.swift in Sources */,
				96C5C8B31DFE1DA600A61681 /* FeedCell.swift in Sources */,
			);
			runOnlyForDeploymentPostprocessing = 0;
		};
/* End PBXSourcesBuildPhase section */

/* Begin PBXVariantGroup section */
		96C5C8991DFCDE2E00A61681 /* LaunchScreen.storyboard */ = {
			isa = PBXVariantGroup;
			children = (
				96C5C89A1DFCDE2E00A61681 /* Base */,
			);
			name = LaunchScreen.storyboard;
			sourceTree = "<group>";
		};
/* End PBXVariantGroup section */

/* Begin XCBuildConfiguration section */
		96C5C89D1DFCDE2E00A61681 /* Debug */ = {
			isa = XCBuildConfiguration;
			buildSettings = {
				ALWAYS_SEARCH_USER_PATHS = NO;
				CLANG_ANALYZER_NONNULL = YES;
				CLANG_CXX_LANGUAGE_STANDARD = "gnu++0x";
				CLANG_CXX_LIBRARY = "libc++";
				CLANG_ENABLE_MODULES = YES;
				CLANG_ENABLE_OBJC_ARC = YES;
				CLANG_WARN_BOOL_CONVERSION = YES;
				CLANG_WARN_CONSTANT_CONVERSION = YES;
				CLANG_WARN_DIRECT_OBJC_ISA_USAGE = YES_ERROR;
				CLANG_WARN_DOCUMENTATION_COMMENTS = YES;
				CLANG_WARN_EMPTY_BODY = YES;
				CLANG_WARN_ENUM_CONVERSION = YES;
				CLANG_WARN_INFINITE_RECURSION = YES;
				CLANG_WARN_INT_CONVERSION = YES;
				CLANG_WARN_OBJC_ROOT_CLASS = YES_ERROR;
				CLANG_WARN_SUSPICIOUS_MOVE = YES;
				CLANG_WARN_SUSPICIOUS_MOVES = YES;
				CLANG_WARN_UNREACHABLE_CODE = YES;
				CLANG_WARN__DUPLICATE_METHOD_MATCH = YES;
				"CODE_SIGN_IDENTITY[sdk=iphoneos*]" = "iPhone Developer";
				COPY_PHASE_STRIP = NO;
				DEBUG_INFORMATION_FORMAT = dwarf;
				ENABLE_STRICT_OBJC_MSGSEND = YES;
				ENABLE_TESTABILITY = YES;
				GCC_C_LANGUAGE_STANDARD = gnu99;
				GCC_DYNAMIC_NO_PIC = NO;
				GCC_NO_COMMON_BLOCKS = YES;
				GCC_OPTIMIZATION_LEVEL = 0;
				GCC_PREPROCESSOR_DEFINITIONS = (
					"DEBUG=1",
					"$(inherited)",
				);
				GCC_WARN_64_TO_32_BIT_CONVERSION = YES;
				GCC_WARN_ABOUT_RETURN_TYPE = YES_ERROR;
				GCC_WARN_UNDECLARED_SELECTOR = YES;
				GCC_WARN_UNINITIALIZED_AUTOS = YES_AGGRESSIVE;
				GCC_WARN_UNUSED_FUNCTION = YES;
				GCC_WARN_UNUSED_VARIABLE = YES;
				IPHONEOS_DEPLOYMENT_TARGET = 10.1;
				MTL_ENABLE_DEBUG_INFO = YES;
				ONLY_ACTIVE_ARCH = YES;
				SDKROOT = iphoneos;
				SWIFT_ACTIVE_COMPILATION_CONDITIONS = DEBUG;
				SWIFT_OPTIMIZATION_LEVEL = "-Onone";
			};
			name = Debug;
		};
		96C5C89E1DFCDE2E00A61681 /* Release */ = {
			isa = XCBuildConfiguration;
			buildSettings = {
				ALWAYS_SEARCH_USER_PATHS = NO;
				CLANG_ANALYZER_NONNULL = YES;
				CLANG_CXX_LANGUAGE_STANDARD = "gnu++0x";
				CLANG_CXX_LIBRARY = "libc++";
				CLANG_ENABLE_MODULES = YES;
				CLANG_ENABLE_OBJC_ARC = YES;
				CLANG_WARN_BOOL_CONVERSION = YES;
				CLANG_WARN_CONSTANT_CONVERSION = YES;
				CLANG_WARN_DIRECT_OBJC_ISA_USAGE = YES_ERROR;
				CLANG_WARN_DOCUMENTATION_COMMENTS = YES;
				CLANG_WARN_EMPTY_BODY = YES;
				CLANG_WARN_ENUM_CONVERSION = YES;
				CLANG_WARN_INFINITE_RECURSION = YES;
				CLANG_WARN_INT_CONVERSION = YES;
				CLANG_WARN_OBJC_ROOT_CLASS = YES_ERROR;
				CLANG_WARN_SUSPICIOUS_MOVE = YES;
				CLANG_WARN_SUSPICIOUS_MOVES = YES;
				CLANG_WARN_UNREACHABLE_CODE = YES;
				CLANG_WARN__DUPLICATE_METHOD_MATCH = YES;
				"CODE_SIGN_IDENTITY[sdk=iphoneos*]" = "iPhone Developer";
				COPY_PHASE_STRIP = NO;
				DEBUG_INFORMATION_FORMAT = "dwarf-with-dsym";
				ENABLE_NS_ASSERTIONS = NO;
				ENABLE_STRICT_OBJC_MSGSEND = YES;
				GCC_C_LANGUAGE_STANDARD = gnu99;
				GCC_NO_COMMON_BLOCKS = YES;
				GCC_WARN_64_TO_32_BIT_CONVERSION = YES;
				GCC_WARN_ABOUT_RETURN_TYPE = YES_ERROR;
				GCC_WARN_UNDECLARED_SELECTOR = YES;
				GCC_WARN_UNINITIALIZED_AUTOS = YES_AGGRESSIVE;
				GCC_WARN_UNUSED_FUNCTION = YES;
				GCC_WARN_UNUSED_VARIABLE = YES;
				IPHONEOS_DEPLOYMENT_TARGET = 10.1;
				MTL_ENABLE_DEBUG_INFO = NO;
				SDKROOT = iphoneos;
				SWIFT_OPTIMIZATION_LEVEL = "-Owholemodule";
				VALIDATE_PRODUCT = YES;
			};
			name = Release;
		};
		96C5C8A01DFCDE2E00A61681 /* Debug */ = {
			isa = XCBuildConfiguration;
			baseConfigurationReference = A2C669820FE1B658A23745A8 /* Pods-cnBeta-Reader.debug.xcconfig */;
			buildSettings = {
				ASSETCATALOG_COMPILER_APPICON_NAME = AppIcon;
				DEBUG_INFORMATION_FORMAT = "dwarf-with-dsym";
				DEVELOPMENT_TEAM = C2VVZK2VN8;
				INFOPLIST_FILE = "cnBeta Reader/Info.plist";
				IPHONEOS_DEPLOYMENT_TARGET = 9.0;
				LD_RUNPATH_SEARCH_PATHS = "$(inherited) @executable_path/Frameworks";
				PRODUCT_BUNDLE_IDENTIFIER = "com.juncheng.app.cnBeta-Reader";
				PRODUCT_NAME = "$(TARGET_NAME)";
				SWIFT_OBJC_BRIDGING_HEADER = "/Users/Jason/Desktop/cnBeta-Reader/cnBeta Reader/Bridging-Header.h";
				SWIFT_VERSION = 3.0;
				TARGETED_DEVICE_FAMILY = 1;
				USER_HEADER_SEARCH_PATHS = "$(PODS_ROOT)";
			};
			name = Debug;
		};
		96C5C8A11DFCDE2E00A61681 /* Release */ = {
			isa = XCBuildConfiguration;
			baseConfigurationReference = DC5B660D184588EB074FFCB7 /* Pods-cnBeta-Reader.release.xcconfig */;
			buildSettings = {
				ASSETCATALOG_COMPILER_APPICON_NAME = AppIcon;
				DEVELOPMENT_TEAM = C2VVZK2VN8;
				INFOPLIST_FILE = "cnBeta Reader/Info.plist";
				IPHONEOS_DEPLOYMENT_TARGET = 9.0;
				LD_RUNPATH_SEARCH_PATHS = "$(inherited) @executable_path/Frameworks";
				PRODUCT_BUNDLE_IDENTIFIER = "com.juncheng.app.cnBeta-Reader";
				PRODUCT_NAME = "$(TARGET_NAME)";
				SWIFT_OBJC_BRIDGING_HEADER = "/Users/Jason/Desktop/cnBeta-Reader/cnBeta Reader/Bridging-Header.h";
				SWIFT_VERSION = 3.0;
				TARGETED_DEVICE_FAMILY = 1;
				USER_HEADER_SEARCH_PATHS = "$(PODS_ROOT)";
			};
			name = Release;
		};
/* End XCBuildConfiguration section */

/* Begin XCConfigurationList section */
		96C5C8881DFCDE2E00A61681 /* Build configuration list for PBXProject "cnBeta-Reader" */ = {
			isa = XCConfigurationList;
			buildConfigurations = (
				96C5C89D1DFCDE2E00A61681 /* Debug */,
				96C5C89E1DFCDE2E00A61681 /* Release */,
			);
			defaultConfigurationIsVisible = 0;
			defaultConfigurationName = Release;
		};
		96C5C89F1DFCDE2E00A61681 /* Build configuration list for PBXNativeTarget "cnBeta-Reader" */ = {
			isa = XCConfigurationList;
			buildConfigurations = (
				96C5C8A01DFCDE2E00A61681 /* Debug */,
				96C5C8A11DFCDE2E00A61681 /* Release */,
			);
			defaultConfigurationIsVisible = 0;
			defaultConfigurationName = Release;
		};
/* End XCConfigurationList section */

/* Begin XCVersionGroup section */
		967F978D1E011E490048D63B /* cnBeta-Reader.xcdatamodeld */ = {
			isa = XCVersionGroup;
			children = (
				967F978E1E011E490048D63B /* cnBeta-Reader.xcdatamodel */,
			);
			currentVersion = 967F978E1E011E490048D63B /* cnBeta-Reader.xcdatamodel */;
			path = "cnBeta-Reader.xcdatamodeld";
			sourceTree = "<group>";
			versionGroupType = wrapper.xcdatamodel;
		};
/* End XCVersionGroup section */
	};
	rootObject = 96C5C8851DFCDE2E00A61681 /* Project object */;
}
